
Microsoft Visual Studio Solution File, Format Version 12.00
# Visual Studio 14
VisualStudioVersion = 14.0.23107.0
MinimumVisualStudioVersion = 10.0.40219.1
Project("{FAE04EC0-301F-11D3-BF4B-00C04F79EFBC}") = "PLL", "WebApp\PLL.csproj", "{AAC6C4FF-AE6B-4ABF-BC09-B60D7B2A2D67}"
EndProject
Project("{FAE04EC0-301F-11D3-BF4B-00C04F79EFBC}") = "BLL", "BLL\BLL.csproj", "{9317D321-1FD3-440D-A8DD-478367E55848}"
EndProject
Project("{FAE04EC0-301F-11D3-BF4B-00C04F79EFBC}") = "DAL", "DAL\DAL.csproj", "{130D06C6-E0CE-4392-B187-830F5127AD45}"
EndProject
Global
	GlobalSection(SolutionConfigurationPlatforms) = preSolution
		Debug|Any CPU = Debug|Any CPU
		Release|Any CPU = Release|Any CPU
	EndGlobalSection
	GlobalSection(ProjectConfigurationPlatforms) = postSolution
		{AAC6C4FF-AE6B-4ABF-BC09-B60D7B2A2D67}.Debug|Any CPU.ActiveCfg = Debug|Any CPU
		{AAC6C4FF-AE6B-4ABF-BC09-B60D7B2A2D67}.Debug|Any CPU.Build.0 = Debug|Any CPU
		{AAC6C4FF-AE6B-4ABF-BC09-B60D7B2A2D67}.Release|Any CPU.ActiveCfg = Release|Any CPU
		{AAC6C4FF-AE6B-4ABF-BC09-B60D7B2A2D67}.Release|Any CPU.Build.0 = Release|Any CPU
		{9317D321-1FD3-440D-A8DD-478367E55848}.Debug|Any CPU.ActiveCfg = Debug|Any CPU
		{9317D321-1FD3-440D-A8DD-478367E55848}.Debug|Any CPU.Build.0 = Debug|Any CPU
		{9317D321-1FD3-440D-A8DD-478367E55848}.Release|Any CPU.ActiveCfg = Release|Any CPU
		{9317D321-1FD3-440D-A8DD-478367E55848}.Release|Any CPU.Build.0 = Release|Any CPU
		{130D06C6-E0CE-4392-B187-830F5127AD45}.Debug|Any CPU.ActiveCfg = Debug|Any CPU
		{130D06C6-E0CE-4392-B187-830F5127AD45}.Debug|Any CPU.Build.0 = Debug|Any CPU
		{130D06C6-E0CE-4392-B187-830F5127AD45}.Release|Any CPU.ActiveCfg = Release|Any CPU
		{130D06C6-E0CE-4392-B187-830F5127AD45}.Release|Any CPU.Build.0 = Release|Any CPU
	EndGlobalSection
	GlobalSection(SolutionProperties) = preSolution
		HideSolutionNode = FALSE
	EndGlobalSection
EndGlobal
